
Microsoft Visual Studio Solution File, Format Version 12.00
# Visual Studio Version 16
VisualStudioVersion = 16.0.29215.179
MinimumVisualStudioVersion = 10.0.40219.1
Project("{FAE04EC0-301F-11D3-BF4B-00C04F79EFBC}") = "DatabaseApp", "DatabaseApp\DatabaseApp.csproj", "{B66B2687-5A06-4CFF-90BC-CD2635EE43FC}"
EndProject
Project("{FAE04EC0-301F-11D3-BF4B-00C04F79EFBC}") = "Database", "Database\Database.csproj", "{06C0B3CF-A019-479D-B8C5-FCB8D9C9E471}"
EndProject
Global
	GlobalSection(SolutionConfigurationPlatforms) = preSolution
		Debug|Any CPU = Debug|Any CPU
		Release|Any CPU = Release|Any CPU
	EndGlobalSection
	GlobalSection(ProjectConfigurationPlatforms) = postSolution
		{B66B2687-5A06-4CFF-90BC-CD2635EE43FC}.Debug|Any CPU.ActiveCfg = Debug|Any CPU
		{B66B2687-5A06-4CFF-90BC-CD2635EE43FC}.Debug|Any CPU.Build.0 = Debug|Any CPU
		{B66B2687-5A06-4CFF-90BC-CD2635EE43FC}.Release|Any CPU.ActiveCfg = Release|Any CPU
		{B66B2687-5A06-4CFF-90BC-CD2635EE43FC}.Release|Any CPU.Build.0 = Release|Any CPU
		{06C0B3CF-A019-479D-B8C5-FCB8D9C9E471}.Debug|Any CPU.ActiveCfg = Debug|Any CPU
		{06C0B3CF-A019-479D-B8C5-FCB8D9C9E471}.Debug|Any CPU.Build.0 = Debug|Any CPU
		{06C0B3CF-A019-479D-B8C5-FCB8D9C9E471}.Release|Any CPU.ActiveCfg = Release|Any CPU
		{06C0B3CF-A019-479D-B8C5-FCB8D9C9E471}.Release|Any CPU.Build.0 = Release|Any CPU
	EndGlobalSection
	GlobalSection(SolutionProperties) = preSolution
		HideSolutionNode = FALSE
	EndGlobalSection
	GlobalSection(ExtensibilityGlobals) = postSolution
		SolutionGuid = {C39D4A18-24DC-4EDA-8243-0D430B7E4C2C}
	EndGlobalSection
EndGlobal
